PODS:
  - JSONJoy-Swift (0.9.2)
  - Skeets (0.9.5):
    - SwiftHTTP (~> 0.9.5)
  - SwiftHTTP (0.9.5)

DEPENDENCIES:
  - JSONJoy-Swift
  - Skeets
  - SwiftHTTP

SPEC CHECKSUMS:
  JSONJoy-Swift: d51bde1053047c623db602e778f068414dd788e4
  Skeets: 99fcf722fea6b4d4a379b22845e4258e7337fbb2
  SwiftHTTP: cd7b248bc07db02926ff54cf19b580b78f7abfa1

COCOAPODS: 0.37.1
