PODS:
  - JSONJoy-Swift (0.9.1)
  - Skeets (0.9.3):
    - SwiftHTTP (~> 0.9.2)
  - SwiftHTTP (0.9.2)

DEPENDENCIES:
  - JSONJoy-Swift
  - Skeets
  - SwiftHTTP

SPEC CHECKSUMS:
  JSONJoy-Swift: 05020a3177e6dec405e6b1b5ed5408586edb1b79
  Skeets: 825207412d0ae165df8e364ab5cc52f24d1dbaea
  SwiftHTTP: 86743248a428236d5ad5a7f6de91eb3afa0045d6

COCOAPODS: 0.36.0
